
Microsoft Visual Studio Solution File, Format Version 12.00
# Visual Studio Version 16
VisualStudioVersion = 16.0.29411.108
MinimumVisualStudioVersion = 10.0.40219.1
Project("{FAE04EC0-301F-11D3-BF4B-00C04F79EFBC}") = "YouScan.Sale", "YouScan.PointOfSaleTerminal\YouScan.Sale.csproj", "{F33383DA-2452-4080-AA09-7370F30E40EC}"
EndProject
Project("{FAE04EC0-301F-11D3-BF4B-00C04F79EFBC}") = "YouScan.Sale.UnitTests", "YouScan.Sale.UnitTests\YouScan.Sale.UnitTests.csproj", "{5E20778E-9BE8-4051-B744-448387772870}"
EndProject
Global
	GlobalSection(SolutionConfigurationPlatforms) = preSolution
		Debug|Any CPU = Debug|Any CPU
		Release|Any CPU = Release|Any CPU
	EndGlobalSection
	GlobalSection(ProjectConfigurationPlatforms) = postSolution
		{F33383DA-2452-4080-AA09-7370F30E40EC}.Debug|Any CPU.ActiveCfg = Debug|Any CPU
		{F33383DA-2452-4080-AA09-7370F30E40EC}.Debug|Any CPU.Build.0 = Debug|Any CPU
		{F33383DA-2452-4080-AA09-7370F30E40EC}.Release|Any CPU.ActiveCfg = Release|Any CPU
		{F33383DA-2452-4080-AA09-7370F30E40EC}.Release|Any CPU.Build.0 = Release|Any CPU
		{5E20778E-9BE8-4051-B744-448387772870}.Debug|Any CPU.ActiveCfg = Debug|Any CPU
		{5E20778E-9BE8-4051-B744-448387772870}.Debug|Any CPU.Build.0 = Debug|Any CPU
		{5E20778E-9BE8-4051-B744-448387772870}.Release|Any CPU.ActiveCfg = Release|Any CPU
		{5E20778E-9BE8-4051-B744-448387772870}.Release|Any CPU.Build.0 = Release|Any CPU
	EndGlobalSection
	GlobalSection(SolutionProperties) = preSolution
		HideSolutionNode = FALSE
	EndGlobalSection
	GlobalSection(ExtensibilityGlobals) = postSolution
		SolutionGuid = {BB2C7154-A3B9-4190-B258-C7B48F50B875}
	EndGlobalSection
EndGlobal
